
Microsoft Visual Studio Solution File, Format Version 12.00
# Visual Studio 2012
Project("{FAE04EC0-301F-11D3-BF4B-00C04F79EFBC}") = "PCLStorage", "PCLStorage\PCLStorage.csproj", "{31F6B895-4FF7-481B-B483-E0E6B63CC312}"
EndProject
Project("{FAE04EC0-301F-11D3-BF4B-00C04F79EFBC}") = "PCLStorage.WinRT", "PCLStorage.WinRT\PCLStorage.WinRT.csproj", "{AAC0913D-649A-49DD-834B-EF23D092D72B}"
EndProject
Project("{FAE04EC0-301F-11D3-BF4B-00C04F79EFBC}") = "PCLStorage.IsoStore.SL", "PCLStorage.IsoStore.SL\PCLStorage.IsoStore.SL.csproj", "{793B3B5B-060E-47FD-8928-8EDF8AD0D6EC}"
EndProject
Project("{2150E333-8FDC-42A3-9474-1A3956D46DE8}") = "test", "test", "{70760DD8-A408-4274-AAFE-0E06BC98DEDB}"
EndProject
Project("{FAE04EC0-301F-11D3-BF4B-00C04F79EFBC}") = "PCLStorage.TestFramework", "test\PCLStorage.TestFramework\PCLStorage.TestFramework.csproj", "{BB83895D-F149-4C79-B1D0-63401198F19C}"
EndProject
Project("{FAE04EC0-301F-11D3-BF4B-00C04F79EFBC}") = "PCLStorage.Test", "test\PCLStorage.Test\PCLStorage.Test.csproj", "{28668411-C26F-434F-88B1-B7E5F8D39C61}"
EndProject
Project("{FAE04EC0-301F-11D3-BF4B-00C04F79EFBC}") = "PCLStorage.Test.SL", "test\PCLStorage.Test.SL\PCLStorage.Test.SL.csproj", "{5568B9DA-132A-4031-9457-01C003FA5CB4}"
EndProject
Project("{2150E333-8FDC-42A3-9474-1A3956D46DE8}") = ".nuget", ".nuget", "{2318AF06-489F-4509-BC7E-84067C903AAD}"
	ProjectSection(SolutionItems) = preProject
		.nuget\NuGet.Config = .nuget\NuGet.Config
		.nuget\NuGet.exe = .nuget\NuGet.exe
		.nuget\NuGet.targets = .nuget\NuGet.targets
	EndProjectSection
EndProject
Project("{FAE04EC0-301F-11D3-BF4B-00C04F79EFBC}") = "PCLStoreage.Test.WinRT", "test\PCLStoreage.Test.WinRT\PCLStoreage.Test.WinRT.csproj", "{8ADFE27B-6E9E-45AF-BE60-C2CB213F91CF}"
EndProject
Global
	GlobalSection(SolutionConfigurationPlatforms) = preSolution
		Debug|Any CPU = Debug|Any CPU
		Debug|ARM = Debug|ARM
		Debug|x64 = Debug|x64
		Debug|x86 = Debug|x86
		Release|Any CPU = Release|Any CPU
		Release|ARM = Release|ARM
		Release|x64 = Release|x64
		Release|x86 = Release|x86
	EndGlobalSection
	GlobalSection(ProjectConfigurationPlatforms) = postSolution
		{31F6B895-4FF7-481B-B483-E0E6B63CC312}.Debug|Any CPU.ActiveCfg = Debug|Any CPU
		{31F6B895-4FF7-481B-B483-E0E6B63CC312}.Debug|Any CPU.Build.0 = Debug|Any CPU
		{31F6B895-4FF7-481B-B483-E0E6B63CC312}.Debug|ARM.ActiveCfg = Debug|Any CPU
		{31F6B895-4FF7-481B-B483-E0E6B63CC312}.Debug|x64.ActiveCfg = Debug|Any CPU
		{31F6B895-4FF7-481B-B483-E0E6B63CC312}.Debug|x86.ActiveCfg = Debug|Any CPU
		{31F6B895-4FF7-481B-B483-E0E6B63CC312}.Release|Any CPU.ActiveCfg = Release|Any CPU
		{31F6B895-4FF7-481B-B483-E0E6B63CC312}.Release|Any CPU.Build.0 = Release|Any CPU
		{31F6B895-4FF7-481B-B483-E0E6B63CC312}.Release|ARM.ActiveCfg = Release|Any CPU
		{31F6B895-4FF7-481B-B483-E0E6B63CC312}.Release|x64.ActiveCfg = Release|Any CPU
		{31F6B895-4FF7-481B-B483-E0E6B63CC312}.Release|x86.ActiveCfg = Release|Any CPU
		{AAC0913D-649A-49DD-834B-EF23D092D72B}.Debug|Any CPU.ActiveCfg = Debug|Any CPU
		{AAC0913D-649A-49DD-834B-EF23D092D72B}.Debug|Any CPU.Build.0 = Debug|Any CPU
		{AAC0913D-649A-49DD-834B-EF23D092D72B}.Debug|ARM.ActiveCfg = Debug|ARM
		{AAC0913D-649A-49DD-834B-EF23D092D72B}.Debug|ARM.Build.0 = Debug|ARM
		{AAC0913D-649A-49DD-834B-EF23D092D72B}.Debug|x64.ActiveCfg = Debug|x64
		{AAC0913D-649A-49DD-834B-EF23D092D72B}.Debug|x64.Build.0 = Debug|x64
		{AAC0913D-649A-49DD-834B-EF23D092D72B}.Debug|x86.ActiveCfg = Debug|x86
		{AAC0913D-649A-49DD-834B-EF23D092D72B}.Debug|x86.Build.0 = Debug|x86
		{AAC0913D-649A-49DD-834B-EF23D092D72B}.Release|Any CPU.ActiveCfg = Release|Any CPU
		{AAC0913D-649A-49DD-834B-EF23D092D72B}.Release|Any CPU.Build.0 = Release|Any CPU
		{AAC0913D-649A-49DD-834B-EF23D092D72B}.Release|ARM.ActiveCfg = Release|ARM
		{AAC0913D-649A-49DD-834B-EF23D092D72B}.Release|ARM.Build.0 = Release|ARM
		{AAC0913D-649A-49DD-834B-EF23D092D72B}.Release|x64.ActiveCfg = Release|x64
		{AAC0913D-649A-49DD-834B-EF23D092D72B}.Release|x64.Build.0 = Release|x64
		{AAC0913D-649A-49DD-834B-EF23D092D72B}.Release|x86.ActiveCfg = Release|x86
		{AAC0913D-649A-49DD-834B-EF23D092D72B}.Release|x86.Build.0 = Release|x86
		{793B3B5B-060E-47FD-8928-8EDF8AD0D6EC}.Debug|Any CPU.ActiveCfg = Debug|Any CPU
		{793B3B5B-060E-47FD-8928-8EDF8AD0D6EC}.Debug|Any CPU.Build.0 = Debug|Any CPU
		{793B3B5B-060E-47FD-8928-8EDF8AD0D6EC}.Debug|ARM.ActiveCfg = Debug|Any CPU
		{793B3B5B-060E-47FD-8928-8EDF8AD0D6EC}.Debug|x64.ActiveCfg = Debug|Any CPU
		{793B3B5B-060E-47FD-8928-8EDF8AD0D6EC}.Debug|x86.ActiveCfg = Debug|Any CPU
		{793B3B5B-060E-47FD-8928-8EDF8AD0D6EC}.Release|Any CPU.ActiveCfg = Release|Any CPU
		{793B3B5B-060E-47FD-8928-8EDF8AD0D6EC}.Release|Any CPU.Build.0 = Release|Any CPU
		{793B3B5B-060E-47FD-8928-8EDF8AD0D6EC}.Release|ARM.ActiveCfg = Release|Any CPU
		{793B3B5B-060E-47FD-8928-8EDF8AD0D6EC}.Release|x64.ActiveCfg = Release|Any CPU
		{793B3B5B-060E-47FD-8928-8EDF8AD0D6EC}.Release|x86.ActiveCfg = Release|Any CPU
		{BB83895D-F149-4C79-B1D0-63401198F19C}.Debug|Any CPU.ActiveCfg = Debug|Any CPU
		{BB83895D-F149-4C79-B1D0-63401198F19C}.Debug|Any CPU.Build.0 = Debug|Any CPU
		{BB83895D-F149-4C79-B1D0-63401198F19C}.Debug|ARM.ActiveCfg = Debug|Any CPU
		{BB83895D-F149-4C79-B1D0-63401198F19C}.Debug|x64.ActiveCfg = Debug|Any CPU
		{BB83895D-F149-4C79-B1D0-63401198F19C}.Debug|x86.ActiveCfg = Debug|Any CPU
		{BB83895D-F149-4C79-B1D0-63401198F19C}.Release|Any CPU.ActiveCfg = Release|Any CPU
		{BB83895D-F149-4C79-B1D0-63401198F19C}.Release|Any CPU.Build.0 = Release|Any CPU
		{BB83895D-F149-4C79-B1D0-63401198F19C}.Release|ARM.ActiveCfg = Release|Any CPU
		{BB83895D-F149-4C79-B1D0-63401198F19C}.Release|x64.ActiveCfg = Release|Any CPU
		{BB83895D-F149-4C79-B1D0-63401198F19C}.Release|x86.ActiveCfg = Release|Any CPU
		{28668411-C26F-434F-88B1-B7E5F8D39C61}.Debug|Any CPU.ActiveCfg = Debug|Any CPU
		{28668411-C26F-434F-88B1-B7E5F8D39C61}.Debug|Any CPU.Build.0 = Debug|Any CPU
		{28668411-C26F-434F-88B1-B7E5F8D39C61}.Debug|ARM.ActiveCfg = Debug|Any CPU
		{28668411-C26F-434F-88B1-B7E5F8D39C61}.Debug|x64.ActiveCfg = Debug|Any CPU
		{28668411-C26F-434F-88B1-B7E5F8D39C61}.Debug|x86.ActiveCfg = Debug|Any CPU
		{28668411-C26F-434F-88B1-B7E5F8D39C61}.Release|Any CPU.ActiveCfg = Release|Any CPU
		{28668411-C26F-434F-88B1-B7E5F8D39C61}.Release|Any CPU.Build.0 = Release|Any CPU
		{28668411-C26F-434F-88B1-B7E5F8D39C61}.Release|ARM.ActiveCfg = Release|Any CPU
		{28668411-C26F-434F-88B1-B7E5F8D39C61}.Release|x64.ActiveCfg = Release|Any CPU
		{28668411-C26F-434F-88B1-B7E5F8D39C61}.Release|x86.ActiveCfg = Release|Any CPU
		{5568B9DA-132A-4031-9457-01C003FA5CB4}.Debug|Any CPU.ActiveCfg = Debug|Any CPU
		{5568B9DA-132A-4031-9457-01C003FA5CB4}.Debug|Any CPU.Build.0 = Debug|Any CPU
		{5568B9DA-132A-4031-9457-01C003FA5CB4}.Debug|ARM.ActiveCfg = Debug|Any CPU
		{5568B9DA-132A-4031-9457-01C003FA5CB4}.Debug|x64.ActiveCfg = Debug|Any CPU
		{5568B9DA-132A-4031-9457-01C003FA5CB4}.Debug|x86.ActiveCfg = Debug|Any CPU
		{5568B9DA-132A-4031-9457-01C003FA5CB4}.Release|Any CPU.ActiveCfg = Release|Any CPU
		{5568B9DA-132A-4031-9457-01C003FA5CB4}.Release|Any CPU.Build.0 = Release|Any CPU
		{5568B9DA-132A-4031-9457-01C003FA5CB4}.Release|ARM.ActiveCfg = Release|Any CPU
		{5568B9DA-132A-4031-9457-01C003FA5CB4}.Release|x64.ActiveCfg = Release|Any CPU
		{5568B9DA-132A-4031-9457-01C003FA5CB4}.Release|x86.ActiveCfg = Release|Any CPU
		{8ADFE27B-6E9E-45AF-BE60-C2CB213F91CF}.Debug|Any CPU.ActiveCfg = Debug|Any CPU
		{8ADFE27B-6E9E-45AF-BE60-C2CB213F91CF}.Debug|Any CPU.Build.0 = Debug|Any CPU
		{8ADFE27B-6E9E-45AF-BE60-C2CB213F91CF}.Debug|Any CPU.Deploy.0 = Debug|Any CPU
		{8ADFE27B-6E9E-45AF-BE60-C2CB213F91CF}.Debug|ARM.ActiveCfg = Debug|ARM
		{8ADFE27B-6E9E-45AF-BE60-C2CB213F91CF}.Debug|ARM.Build.0 = Debug|ARM
		{8ADFE27B-6E9E-45AF-BE60-C2CB213F91CF}.Debug|ARM.Deploy.0 = Debug|ARM
		{8ADFE27B-6E9E-45AF-BE60-C2CB213F91CF}.Debug|x64.ActiveCfg = Debug|x64
		{8ADFE27B-6E9E-45AF-BE60-C2CB213F91CF}.Debug|x64.Build.0 = Debug|x64
		{8ADFE27B-6E9E-45AF-BE60-C2CB213F91CF}.Debug|x64.Deploy.0 = Debug|x64
		{8ADFE27B-6E9E-45AF-BE60-C2CB213F91CF}.Debug|x86.ActiveCfg = Debug|x86
		{8ADFE27B-6E9E-45AF-BE60-C2CB213F91CF}.Debug|x86.Build.0 = Debug|x86
		{8ADFE27B-6E9E-45AF-BE60-C2CB213F91CF}.Debug|x86.Deploy.0 = Debug|x86
		{8ADFE27B-6E9E-45AF-BE60-C2CB213F91CF}.Release|Any CPU.ActiveCfg = Release|Any CPU
		{8ADFE27B-6E9E-45AF-BE60-C2CB213F91CF}.Release|Any CPU.Build.0 = Release|Any CPU
		{8ADFE27B-6E9E-45AF-BE60-C2CB213F91CF}.Release|Any CPU.Deploy.0 = Release|Any CPU
		{8ADFE27B-6E9E-45AF-BE60-C2CB213F91CF}.Release|ARM.ActiveCfg = Release|ARM
		{8ADFE27B-6E9E-45AF-BE60-C2CB213F91CF}.Release|ARM.Build.0 = Release|ARM
		{8ADFE27B-6E9E-45AF-BE60-C2CB213F91CF}.Release|ARM.Deploy.0 = Release|ARM
		{8ADFE27B-6E9E-45AF-BE60-C2CB213F91CF}.Release|x64.ActiveCfg = Release|x64
		{8ADFE27B-6E9E-45AF-BE60-C2CB213F91CF}.Release|x64.Build.0 = Release|x64
		{8ADFE27B-6E9E-45AF-BE60-C2CB213F91CF}.Release|x64.Deploy.0 = Release|x64
		{8ADFE27B-6E9E-45AF-BE60-C2CB213F91CF}.Release|x86.ActiveCfg = Release|x86
		{8ADFE27B-6E9E-45AF-BE60-C2CB213F91CF}.Release|x86.Build.0 = Release|x86
		{8ADFE27B-6E9E-45AF-BE60-C2CB213F91CF}.Release|x86.Deploy.0 = Release|x86
	EndGlobalSection
	GlobalSection(SolutionProperties) = preSolution
		HideSolutionNode = FALSE
	EndGlobalSection
	GlobalSection(NestedProjects) = preSolution
		{BB83895D-F149-4C79-B1D0-63401198F19C} = {70760DD8-A408-4274-AAFE-0E06BC98DEDB}
		{28668411-C26F-434F-88B1-B7E5F8D39C61} = {70760DD8-A408-4274-AAFE-0E06BC98DEDB}
		{5568B9DA-132A-4031-9457-01C003FA5CB4} = {70760DD8-A408-4274-AAFE-0E06BC98DEDB}
		{8ADFE27B-6E9E-45AF-BE60-C2CB213F91CF} = {70760DD8-A408-4274-AAFE-0E06BC98DEDB}
	EndGlobalSection
EndGlobal
