
Microsoft Visual Studio Solution File, Format Version 12.00
# Visual Studio 14
VisualStudioVersion = 14.0.22310.1
MinimumVisualStudioVersion = 10.0.40219.1
Project("{2150E333-8FDC-42A3-9474-1A3956D46DE8}") = "test", "test", "{70760DD8-A408-4274-AAFE-0E06BC98DEDB}"
EndProject
Project("{FAE04EC0-301F-11D3-BF4B-00C04F79EFBC}") = "PCLStorage.Test", "test\PCLStorage.Test\PCLStorage.Test.csproj", "{28668411-C26F-434F-88B1-B7E5F8D39C61}"
EndProject
Project("{FAE04EC0-301F-11D3-BF4B-00C04F79EFBC}") = "PCLStorage.Test.SL", "test\PCLStorage.Test.SL\PCLStorage.Test.SL.csproj", "{5568B9DA-132A-4031-9457-01C003FA5CB4}"
EndProject
Project("{2150E333-8FDC-42A3-9474-1A3956D46DE8}") = ".nuget", ".nuget", "{2318AF06-489F-4509-BC7E-84067C903AAD}"
	ProjectSection(SolutionItems) = preProject
		.nuget\NuGet.Config = .nuget\NuGet.Config
	EndProjectSection
EndProject
Project("{FAE04EC0-301F-11D3-BF4B-00C04F79EFBC}") = "PCLStorage.Test.WindowsPhone", "test\PCLStorage.Test.WindowsPhone\PCLStorage.Test.WindowsPhone.csproj", "{A49660EE-789F-4EFF-A946-10532D3EA7E6}"
EndProject
Project("{FAE04EC0-301F-11D3-BF4B-00C04F79EFBC}") = "PCLStorage.Test.Desktop", "test\PCLStorage.Test.Desktop\PCLStorage.Test.Desktop.csproj", "{13DFCDB2-D6D5-40FF-B8F2-2AE7970E3B66}"
EndProject
Project("{FAE04EC0-301F-11D3-BF4B-00C04F79EFBC}") = "PCLStorage.Test.WinRT", "test\PCLStorage.Test.WinRT\PCLStorage.Test.WinRT.csproj", "{220CC1AA-AEEC-4DF7-94E6-9BBF23486812}"
EndProject
Project("{2150E333-8FDC-42A3-9474-1A3956D46DE8}") = "src", "src", "{1E53EE83-AD17-4F75-A77D-B0A12961A232}"
EndProject
Project("{FAE04EC0-301F-11D3-BF4B-00C04F79EFBC}") = "PCLStorage", "src\PCLStorage\PCLStorage.csproj", "{31F6B895-4FF7-481B-B483-E0E6B63CC312}"
EndProject
Project("{FAE04EC0-301F-11D3-BF4B-00C04F79EFBC}") = "PCLStorage.NoSL", "src\PCLStorage.NoSL\PCLStorage.NoSL.csproj", "{F878EC6F-6C59-4860-A2D1-0CD2C97760A7}"
EndProject
Project("{FAE04EC0-301F-11D3-BF4B-00C04F79EFBC}") = "PCLStorage.FileSystem.Desktop", "src\PCLStorage.FileSystem.Desktop\PCLStorage.FileSystem.Desktop.csproj", "{9D3F208D-8BB4-47A9-8323-4CFD24314341}"
EndProject
Project("{FAE04EC0-301F-11D3-BF4B-00C04F79EFBC}") = "PCLStorage.IsoStore.SL", "src\PCLStorage.IsoStore.SL\PCLStorage.IsoStore.SL.csproj", "{793B3B5B-060E-47FD-8928-8EDF8AD0D6EC}"
EndProject
Project("{FAE04EC0-301F-11D3-BF4B-00C04F79EFBC}") = "PCLStorage.WinRT", "src\PCLStorage.WinRT\PCLStorage.WinRT.csproj", "{AAC0913D-649A-49DD-834B-EF23D092D72B}"
EndProject
Project("{FAE04EC0-301F-11D3-BF4B-00C04F79EFBC}") = "PCLStorage.Abstractions", "src\PCLStorage.Abstractions\PCLStorage.Abstractions.csproj", "{EEBB53F3-EBDF-4DD0-82E5-FF9A2C8DBD72}"
EndProject
Project("{FAE04EC0-301F-11D3-BF4B-00C04F79EFBC}") = "PCLStorage.Abstractions.NoSL", "src\PCLStorage.Abstractions.NoSL\PCLStorage.Abstractions.NoSL.csproj", "{8F4C2E94-B8C5-477B-A315-CA58C70617E4}"
EndProject
Project("{FAE04EC0-301F-11D3-BF4B-00C04F79EFBC}") = "PCLStorage.WindowsPhone", "src\PCLStorage.WindowsPhone\PCLStorage.WindowsPhone.csproj", "{D6BDB17D-1B42-49DA-BADB-B09D7DB4B4EA}"
EndProject
Project("{FAE04EC0-301F-11D3-BF4B-00C04F79EFBC}") = "PCLStorage.Android", "src\PCLStorage.Android\PCLStorage.Android.csproj", "{D813C9D8-D6D1-4D2B-AF04-0D877656F47E}"
EndProject
Project("{FAE04EC0-301F-11D3-BF4B-00C04F79EFBC}") = "PCLStorage.Test.Android", "test\PCLStorage.Test.Android\PCLStorage.Test.Android.csproj", "{32922221-A523-4673-9C77-DE6B01C91F3D}"
EndProject
Project("{FAE04EC0-301F-11D3-BF4B-00C04F79EFBC}") = "PCLStorage.iOS", "src\PCLStorage.iOS\PCLStorage.iOS.csproj", "{27A782B4-6683-4849-B951-601289C23F73}"
EndProject
Project("{2150E333-8FDC-42A3-9474-1A3956D46DE8}") = "build", "build", "{A5AE3457-DDFF-432A-90D6-8462B560603C}"
	ProjectSection(SolutionItems) = preProject
		build\build.proj = build\build.proj
		common\CommonAssemblyInfo.cs = common\CommonAssemblyInfo.cs
		common\PCLStorage.nuspec = common\PCLStorage.nuspec
	EndProjectSection
EndProject
Project("{FAE04EC0-301F-11D3-BF4B-00C04F79EFBC}") = "PCLStorage.iOS-Unified", "src\PCLStorage.iOS-Unified\PCLStorage.iOS-Unified.csproj", "{3B479AED-CC1C-46F7-AF55-8BF9E8BA1C01}"
EndProject
Global
	GlobalSection(SolutionConfigurationPlatforms) = preSolution
		Debug|Any CPU = Debug|Any CPU
		Debug|ARM = Debug|ARM
		Debug|x64 = Debug|x64
		Debug|x86 = Debug|x86
		Release|Any CPU = Release|Any CPU
		Release|ARM = Release|ARM
		Release|x64 = Release|x64
		Release|x86 = Release|x86
	EndGlobalSection
	GlobalSection(ProjectConfigurationPlatforms) = postSolution
		{28668411-C26F-434F-88B1-B7E5F8D39C61}.Debug|Any CPU.ActiveCfg = Debug|Any CPU
		{28668411-C26F-434F-88B1-B7E5F8D39C61}.Debug|Any CPU.Build.0 = Debug|Any CPU
		{28668411-C26F-434F-88B1-B7E5F8D39C61}.Debug|ARM.ActiveCfg = Debug|Any CPU
		{28668411-C26F-434F-88B1-B7E5F8D39C61}.Debug|x64.ActiveCfg = Debug|Any CPU
		{28668411-C26F-434F-88B1-B7E5F8D39C61}.Debug|x86.ActiveCfg = Debug|Any CPU
		{28668411-C26F-434F-88B1-B7E5F8D39C61}.Release|Any CPU.ActiveCfg = Release|Any CPU
		{28668411-C26F-434F-88B1-B7E5F8D39C61}.Release|Any CPU.Build.0 = Release|Any CPU
		{28668411-C26F-434F-88B1-B7E5F8D39C61}.Release|ARM.ActiveCfg = Release|Any CPU
		{28668411-C26F-434F-88B1-B7E5F8D39C61}.Release|x64.ActiveCfg = Release|Any CPU
		{28668411-C26F-434F-88B1-B7E5F8D39C61}.Release|x86.ActiveCfg = Release|Any CPU
		{5568B9DA-132A-4031-9457-01C003FA5CB4}.Debug|Any CPU.ActiveCfg = Debug|Any CPU
		{5568B9DA-132A-4031-9457-01C003FA5CB4}.Debug|Any CPU.Build.0 = Debug|Any CPU
		{5568B9DA-132A-4031-9457-01C003FA5CB4}.Debug|ARM.ActiveCfg = Debug|Any CPU
		{5568B9DA-132A-4031-9457-01C003FA5CB4}.Debug|x64.ActiveCfg = Debug|Any CPU
		{5568B9DA-132A-4031-9457-01C003FA5CB4}.Debug|x86.ActiveCfg = Debug|Any CPU
		{5568B9DA-132A-4031-9457-01C003FA5CB4}.Release|Any CPU.ActiveCfg = Release|Any CPU
		{5568B9DA-132A-4031-9457-01C003FA5CB4}.Release|Any CPU.Build.0 = Release|Any CPU
		{5568B9DA-132A-4031-9457-01C003FA5CB4}.Release|ARM.ActiveCfg = Release|Any CPU
		{5568B9DA-132A-4031-9457-01C003FA5CB4}.Release|x64.ActiveCfg = Release|Any CPU
		{5568B9DA-132A-4031-9457-01C003FA5CB4}.Release|x86.ActiveCfg = Release|Any CPU
		{A49660EE-789F-4EFF-A946-10532D3EA7E6}.Debug|Any CPU.ActiveCfg = Debug|Any CPU
		{A49660EE-789F-4EFF-A946-10532D3EA7E6}.Debug|Any CPU.Build.0 = Debug|Any CPU
		{A49660EE-789F-4EFF-A946-10532D3EA7E6}.Debug|Any CPU.Deploy.0 = Debug|Any CPU
		{A49660EE-789F-4EFF-A946-10532D3EA7E6}.Debug|ARM.ActiveCfg = Debug|Any CPU
		{A49660EE-789F-4EFF-A946-10532D3EA7E6}.Debug|x64.ActiveCfg = Debug|Any CPU
		{A49660EE-789F-4EFF-A946-10532D3EA7E6}.Debug|x86.ActiveCfg = Debug|Any CPU
		{A49660EE-789F-4EFF-A946-10532D3EA7E6}.Release|Any CPU.ActiveCfg = Release|Any CPU
		{A49660EE-789F-4EFF-A946-10532D3EA7E6}.Release|Any CPU.Build.0 = Release|Any CPU
		{A49660EE-789F-4EFF-A946-10532D3EA7E6}.Release|Any CPU.Deploy.0 = Release|Any CPU
		{A49660EE-789F-4EFF-A946-10532D3EA7E6}.Release|ARM.ActiveCfg = Release|Any CPU
		{A49660EE-789F-4EFF-A946-10532D3EA7E6}.Release|x64.ActiveCfg = Release|Any CPU
		{A49660EE-789F-4EFF-A946-10532D3EA7E6}.Release|x86.ActiveCfg = Release|Any CPU
		{13DFCDB2-D6D5-40FF-B8F2-2AE7970E3B66}.Debug|Any CPU.ActiveCfg = Debug|Any CPU
		{13DFCDB2-D6D5-40FF-B8F2-2AE7970E3B66}.Debug|Any CPU.Build.0 = Debug|Any CPU
		{13DFCDB2-D6D5-40FF-B8F2-2AE7970E3B66}.Debug|ARM.ActiveCfg = Debug|Any CPU
		{13DFCDB2-D6D5-40FF-B8F2-2AE7970E3B66}.Debug|x64.ActiveCfg = Debug|Any CPU
		{13DFCDB2-D6D5-40FF-B8F2-2AE7970E3B66}.Debug|x86.ActiveCfg = Debug|Any CPU
		{13DFCDB2-D6D5-40FF-B8F2-2AE7970E3B66}.Release|Any CPU.ActiveCfg = Release|Any CPU
		{13DFCDB2-D6D5-40FF-B8F2-2AE7970E3B66}.Release|Any CPU.Build.0 = Release|Any CPU
		{13DFCDB2-D6D5-40FF-B8F2-2AE7970E3B66}.Release|ARM.ActiveCfg = Release|Any CPU
		{13DFCDB2-D6D5-40FF-B8F2-2AE7970E3B66}.Release|x64.ActiveCfg = Release|Any CPU
		{13DFCDB2-D6D5-40FF-B8F2-2AE7970E3B66}.Release|x86.ActiveCfg = Release|Any CPU
		{220CC1AA-AEEC-4DF7-94E6-9BBF23486812}.Debug|Any CPU.ActiveCfg = Debug|Any CPU
		{220CC1AA-AEEC-4DF7-94E6-9BBF23486812}.Debug|Any CPU.Build.0 = Debug|Any CPU
		{220CC1AA-AEEC-4DF7-94E6-9BBF23486812}.Debug|Any CPU.Deploy.0 = Debug|Any CPU
		{220CC1AA-AEEC-4DF7-94E6-9BBF23486812}.Debug|ARM.ActiveCfg = Debug|ARM
		{220CC1AA-AEEC-4DF7-94E6-9BBF23486812}.Debug|ARM.Build.0 = Debug|ARM
		{220CC1AA-AEEC-4DF7-94E6-9BBF23486812}.Debug|ARM.Deploy.0 = Debug|ARM
		{220CC1AA-AEEC-4DF7-94E6-9BBF23486812}.Debug|x64.ActiveCfg = Debug|x64
		{220CC1AA-AEEC-4DF7-94E6-9BBF23486812}.Debug|x64.Build.0 = Debug|x64
		{220CC1AA-AEEC-4DF7-94E6-9BBF23486812}.Debug|x64.Deploy.0 = Debug|x64
		{220CC1AA-AEEC-4DF7-94E6-9BBF23486812}.Debug|x86.ActiveCfg = Debug|x86
		{220CC1AA-AEEC-4DF7-94E6-9BBF23486812}.Debug|x86.Build.0 = Debug|x86
		{220CC1AA-AEEC-4DF7-94E6-9BBF23486812}.Debug|x86.Deploy.0 = Debug|x86
		{220CC1AA-AEEC-4DF7-94E6-9BBF23486812}.Release|Any CPU.ActiveCfg = Release|Any CPU
		{220CC1AA-AEEC-4DF7-94E6-9BBF23486812}.Release|Any CPU.Build.0 = Release|Any CPU
		{220CC1AA-AEEC-4DF7-94E6-9BBF23486812}.Release|Any CPU.Deploy.0 = Release|Any CPU
		{220CC1AA-AEEC-4DF7-94E6-9BBF23486812}.Release|ARM.ActiveCfg = Release|ARM
		{220CC1AA-AEEC-4DF7-94E6-9BBF23486812}.Release|ARM.Build.0 = Release|ARM
		{220CC1AA-AEEC-4DF7-94E6-9BBF23486812}.Release|ARM.Deploy.0 = Release|ARM
		{220CC1AA-AEEC-4DF7-94E6-9BBF23486812}.Release|x64.ActiveCfg = Release|x64
		{220CC1AA-AEEC-4DF7-94E6-9BBF23486812}.Release|x64.Build.0 = Release|x64
		{220CC1AA-AEEC-4DF7-94E6-9BBF23486812}.Release|x64.Deploy.0 = Release|x64
		{220CC1AA-AEEC-4DF7-94E6-9BBF23486812}.Release|x86.ActiveCfg = Release|x86
		{220CC1AA-AEEC-4DF7-94E6-9BBF23486812}.Release|x86.Build.0 = Release|x86
		{220CC1AA-AEEC-4DF7-94E6-9BBF23486812}.Release|x86.Deploy.0 = Release|x86
		{31F6B895-4FF7-481B-B483-E0E6B63CC312}.Debug|Any CPU.ActiveCfg = Debug|Any CPU
		{31F6B895-4FF7-481B-B483-E0E6B63CC312}.Debug|Any CPU.Build.0 = Debug|Any CPU
		{31F6B895-4FF7-481B-B483-E0E6B63CC312}.Debug|ARM.ActiveCfg = Debug|Any CPU
		{31F6B895-4FF7-481B-B483-E0E6B63CC312}.Debug|x64.ActiveCfg = Debug|Any CPU
		{31F6B895-4FF7-481B-B483-E0E6B63CC312}.Debug|x86.ActiveCfg = Debug|Any CPU
		{31F6B895-4FF7-481B-B483-E0E6B63CC312}.Release|Any CPU.ActiveCfg = Release|Any CPU
		{31F6B895-4FF7-481B-B483-E0E6B63CC312}.Release|Any CPU.Build.0 = Release|Any CPU
		{31F6B895-4FF7-481B-B483-E0E6B63CC312}.Release|ARM.ActiveCfg = Release|Any CPU
		{31F6B895-4FF7-481B-B483-E0E6B63CC312}.Release|x64.ActiveCfg = Release|Any CPU
		{31F6B895-4FF7-481B-B483-E0E6B63CC312}.Release|x86.ActiveCfg = Release|Any CPU
		{F878EC6F-6C59-4860-A2D1-0CD2C97760A7}.Debug|Any CPU.ActiveCfg = Debug|Any CPU
		{F878EC6F-6C59-4860-A2D1-0CD2C97760A7}.Debug|Any CPU.Build.0 = Debug|Any CPU
		{F878EC6F-6C59-4860-A2D1-0CD2C97760A7}.Debug|ARM.ActiveCfg = Debug|Any CPU
		{F878EC6F-6C59-4860-A2D1-0CD2C97760A7}.Debug|x64.ActiveCfg = Debug|Any CPU
		{F878EC6F-6C59-4860-A2D1-0CD2C97760A7}.Debug|x86.ActiveCfg = Debug|Any CPU
		{F878EC6F-6C59-4860-A2D1-0CD2C97760A7}.Release|Any CPU.ActiveCfg = Release|Any CPU
		{F878EC6F-6C59-4860-A2D1-0CD2C97760A7}.Release|Any CPU.Build.0 = Release|Any CPU
		{F878EC6F-6C59-4860-A2D1-0CD2C97760A7}.Release|ARM.ActiveCfg = Release|Any CPU
		{F878EC6F-6C59-4860-A2D1-0CD2C97760A7}.Release|x64.ActiveCfg = Release|Any CPU
		{F878EC6F-6C59-4860-A2D1-0CD2C97760A7}.Release|x86.ActiveCfg = Release|Any CPU
		{9D3F208D-8BB4-47A9-8323-4CFD24314341}.Debug|Any CPU.ActiveCfg = Debug|Any CPU
		{9D3F208D-8BB4-47A9-8323-4CFD24314341}.Debug|Any CPU.Build.0 = Debug|Any CPU
		{9D3F208D-8BB4-47A9-8323-4CFD24314341}.Debug|ARM.ActiveCfg = Debug|Any CPU
		{9D3F208D-8BB4-47A9-8323-4CFD24314341}.Debug|x64.ActiveCfg = Debug|Any CPU
		{9D3F208D-8BB4-47A9-8323-4CFD24314341}.Debug|x86.ActiveCfg = Debug|Any CPU
		{9D3F208D-8BB4-47A9-8323-4CFD24314341}.Release|Any CPU.ActiveCfg = Release|Any CPU
		{9D3F208D-8BB4-47A9-8323-4CFD24314341}.Release|Any CPU.Build.0 = Release|Any CPU
		{9D3F208D-8BB4-47A9-8323-4CFD24314341}.Release|ARM.ActiveCfg = Release|Any CPU
		{9D3F208D-8BB4-47A9-8323-4CFD24314341}.Release|x64.ActiveCfg = Release|Any CPU
		{9D3F208D-8BB4-47A9-8323-4CFD24314341}.Release|x86.ActiveCfg = Release|Any CPU
		{793B3B5B-060E-47FD-8928-8EDF8AD0D6EC}.Debug|Any CPU.ActiveCfg = Debug|Any CPU
		{793B3B5B-060E-47FD-8928-8EDF8AD0D6EC}.Debug|Any CPU.Build.0 = Debug|Any CPU
		{793B3B5B-060E-47FD-8928-8EDF8AD0D6EC}.Debug|ARM.ActiveCfg = Debug|Any CPU
		{793B3B5B-060E-47FD-8928-8EDF8AD0D6EC}.Debug|x64.ActiveCfg = Debug|Any CPU
		{793B3B5B-060E-47FD-8928-8EDF8AD0D6EC}.Debug|x86.ActiveCfg = Debug|Any CPU
		{793B3B5B-060E-47FD-8928-8EDF8AD0D6EC}.Release|Any CPU.ActiveCfg = Release|Any CPU
		{793B3B5B-060E-47FD-8928-8EDF8AD0D6EC}.Release|Any CPU.Build.0 = Release|Any CPU
		{793B3B5B-060E-47FD-8928-8EDF8AD0D6EC}.Release|ARM.ActiveCfg = Release|Any CPU
		{793B3B5B-060E-47FD-8928-8EDF8AD0D6EC}.Release|x64.ActiveCfg = Release|Any CPU
		{793B3B5B-060E-47FD-8928-8EDF8AD0D6EC}.Release|x86.ActiveCfg = Release|Any CPU
		{AAC0913D-649A-49DD-834B-EF23D092D72B}.Debug|Any CPU.ActiveCfg = Debug|Any CPU
		{AAC0913D-649A-49DD-834B-EF23D092D72B}.Debug|Any CPU.Build.0 = Debug|Any CPU
		{AAC0913D-649A-49DD-834B-EF23D092D72B}.Debug|ARM.ActiveCfg = Debug|ARM
		{AAC0913D-649A-49DD-834B-EF23D092D72B}.Debug|ARM.Build.0 = Debug|ARM
		{AAC0913D-649A-49DD-834B-EF23D092D72B}.Debug|x64.ActiveCfg = Debug|x64
		{AAC0913D-649A-49DD-834B-EF23D092D72B}.Debug|x64.Build.0 = Debug|x64
		{AAC0913D-649A-49DD-834B-EF23D092D72B}.Debug|x86.ActiveCfg = Debug|x86
		{AAC0913D-649A-49DD-834B-EF23D092D72B}.Debug|x86.Build.0 = Debug|x86
		{AAC0913D-649A-49DD-834B-EF23D092D72B}.Release|Any CPU.ActiveCfg = Release|Any CPU
		{AAC0913D-649A-49DD-834B-EF23D092D72B}.Release|Any CPU.Build.0 = Release|Any CPU
		{AAC0913D-649A-49DD-834B-EF23D092D72B}.Release|ARM.ActiveCfg = Release|ARM
		{AAC0913D-649A-49DD-834B-EF23D092D72B}.Release|ARM.Build.0 = Release|ARM
		{AAC0913D-649A-49DD-834B-EF23D092D72B}.Release|x64.ActiveCfg = Release|x64
		{AAC0913D-649A-49DD-834B-EF23D092D72B}.Release|x64.Build.0 = Release|x64
		{AAC0913D-649A-49DD-834B-EF23D092D72B}.Release|x86.ActiveCfg = Release|x86
		{AAC0913D-649A-49DD-834B-EF23D092D72B}.Release|x86.Build.0 = Release|x86
		{EEBB53F3-EBDF-4DD0-82E5-FF9A2C8DBD72}.Debug|Any CPU.ActiveCfg = Debug|Any CPU
		{EEBB53F3-EBDF-4DD0-82E5-FF9A2C8DBD72}.Debug|Any CPU.Build.0 = Debug|Any CPU
		{EEBB53F3-EBDF-4DD0-82E5-FF9A2C8DBD72}.Debug|ARM.ActiveCfg = Debug|Any CPU
		{EEBB53F3-EBDF-4DD0-82E5-FF9A2C8DBD72}.Debug|x64.ActiveCfg = Debug|Any CPU
		{EEBB53F3-EBDF-4DD0-82E5-FF9A2C8DBD72}.Debug|x86.ActiveCfg = Debug|Any CPU
		{EEBB53F3-EBDF-4DD0-82E5-FF9A2C8DBD72}.Release|Any CPU.ActiveCfg = Release|Any CPU
		{EEBB53F3-EBDF-4DD0-82E5-FF9A2C8DBD72}.Release|Any CPU.Build.0 = Release|Any CPU
		{EEBB53F3-EBDF-4DD0-82E5-FF9A2C8DBD72}.Release|ARM.ActiveCfg = Release|Any CPU
		{EEBB53F3-EBDF-4DD0-82E5-FF9A2C8DBD72}.Release|x64.ActiveCfg = Release|Any CPU
		{EEBB53F3-EBDF-4DD0-82E5-FF9A2C8DBD72}.Release|x86.ActiveCfg = Release|Any CPU
		{8F4C2E94-B8C5-477B-A315-CA58C70617E4}.Debug|Any CPU.ActiveCfg = Debug|Any CPU
		{8F4C2E94-B8C5-477B-A315-CA58C70617E4}.Debug|Any CPU.Build.0 = Debug|Any CPU
		{8F4C2E94-B8C5-477B-A315-CA58C70617E4}.Debug|ARM.ActiveCfg = Debug|Any CPU
		{8F4C2E94-B8C5-477B-A315-CA58C70617E4}.Debug|x64.ActiveCfg = Debug|Any CPU
		{8F4C2E94-B8C5-477B-A315-CA58C70617E4}.Debug|x86.ActiveCfg = Debug|Any CPU
		{8F4C2E94-B8C5-477B-A315-CA58C70617E4}.Release|Any CPU.ActiveCfg = Release|Any CPU
		{8F4C2E94-B8C5-477B-A315-CA58C70617E4}.Release|Any CPU.Build.0 = Release|Any CPU
		{8F4C2E94-B8C5-477B-A315-CA58C70617E4}.Release|ARM.ActiveCfg = Release|Any CPU
		{8F4C2E94-B8C5-477B-A315-CA58C70617E4}.Release|x64.ActiveCfg = Release|Any CPU
		{8F4C2E94-B8C5-477B-A315-CA58C70617E4}.Release|x86.ActiveCfg = Release|Any CPU
		{D6BDB17D-1B42-49DA-BADB-B09D7DB4B4EA}.Debug|Any CPU.ActiveCfg = Debug|Any CPU
		{D6BDB17D-1B42-49DA-BADB-B09D7DB4B4EA}.Debug|Any CPU.Build.0 = Debug|Any CPU
		{D6BDB17D-1B42-49DA-BADB-B09D7DB4B4EA}.Debug|ARM.ActiveCfg = Debug|ARM
		{D6BDB17D-1B42-49DA-BADB-B09D7DB4B4EA}.Debug|ARM.Build.0 = Debug|ARM
		{D6BDB17D-1B42-49DA-BADB-B09D7DB4B4EA}.Debug|x64.ActiveCfg = Debug|Any CPU
		{D6BDB17D-1B42-49DA-BADB-B09D7DB4B4EA}.Debug|x86.ActiveCfg = Debug|x86
		{D6BDB17D-1B42-49DA-BADB-B09D7DB4B4EA}.Debug|x86.Build.0 = Debug|x86
		{D6BDB17D-1B42-49DA-BADB-B09D7DB4B4EA}.Release|Any CPU.ActiveCfg = Release|Any CPU
		{D6BDB17D-1B42-49DA-BADB-B09D7DB4B4EA}.Release|Any CPU.Build.0 = Release|Any CPU
		{D6BDB17D-1B42-49DA-BADB-B09D7DB4B4EA}.Release|ARM.ActiveCfg = Release|ARM
		{D6BDB17D-1B42-49DA-BADB-B09D7DB4B4EA}.Release|ARM.Build.0 = Release|ARM
		{D6BDB17D-1B42-49DA-BADB-B09D7DB4B4EA}.Release|x64.ActiveCfg = Release|Any CPU
		{D6BDB17D-1B42-49DA-BADB-B09D7DB4B4EA}.Release|x86.ActiveCfg = Release|x86
		{D6BDB17D-1B42-49DA-BADB-B09D7DB4B4EA}.Release|x86.Build.0 = Release|x86
		{D813C9D8-D6D1-4D2B-AF04-0D877656F47E}.Debug|Any CPU.ActiveCfg = Debug|Any CPU
		{D813C9D8-D6D1-4D2B-AF04-0D877656F47E}.Debug|Any CPU.Build.0 = Debug|Any CPU
		{D813C9D8-D6D1-4D2B-AF04-0D877656F47E}.Debug|ARM.ActiveCfg = Debug|Any CPU
		{D813C9D8-D6D1-4D2B-AF04-0D877656F47E}.Debug|x64.ActiveCfg = Debug|Any CPU
		{D813C9D8-D6D1-4D2B-AF04-0D877656F47E}.Debug|x86.ActiveCfg = Debug|Any CPU
		{D813C9D8-D6D1-4D2B-AF04-0D877656F47E}.Release|Any CPU.ActiveCfg = Release|Any CPU
		{D813C9D8-D6D1-4D2B-AF04-0D877656F47E}.Release|Any CPU.Build.0 = Release|Any CPU
		{D813C9D8-D6D1-4D2B-AF04-0D877656F47E}.Release|ARM.ActiveCfg = Release|Any CPU
		{D813C9D8-D6D1-4D2B-AF04-0D877656F47E}.Release|x64.ActiveCfg = Release|Any CPU
		{D813C9D8-D6D1-4D2B-AF04-0D877656F47E}.Release|x86.ActiveCfg = Release|Any CPU
		{32922221-A523-4673-9C77-DE6B01C91F3D}.Debug|Any CPU.ActiveCfg = Debug|Any CPU
		{32922221-A523-4673-9C77-DE6B01C91F3D}.Debug|Any CPU.Build.0 = Debug|Any CPU
		{32922221-A523-4673-9C77-DE6B01C91F3D}.Debug|Any CPU.Deploy.0 = Debug|Any CPU
		{32922221-A523-4673-9C77-DE6B01C91F3D}.Debug|ARM.ActiveCfg = Debug|Any CPU
		{32922221-A523-4673-9C77-DE6B01C91F3D}.Debug|x64.ActiveCfg = Debug|Any CPU
		{32922221-A523-4673-9C77-DE6B01C91F3D}.Debug|x86.ActiveCfg = Debug|Any CPU
		{32922221-A523-4673-9C77-DE6B01C91F3D}.Release|Any CPU.ActiveCfg = Release|Any CPU
		{32922221-A523-4673-9C77-DE6B01C91F3D}.Release|Any CPU.Build.0 = Release|Any CPU
		{32922221-A523-4673-9C77-DE6B01C91F3D}.Release|Any CPU.Deploy.0 = Release|Any CPU
		{32922221-A523-4673-9C77-DE6B01C91F3D}.Release|ARM.ActiveCfg = Release|Any CPU
		{32922221-A523-4673-9C77-DE6B01C91F3D}.Release|x64.ActiveCfg = Release|Any CPU
		{32922221-A523-4673-9C77-DE6B01C91F3D}.Release|x86.ActiveCfg = Release|Any CPU
		{27A782B4-6683-4849-B951-601289C23F73}.Debug|Any CPU.ActiveCfg = Debug|Any CPU
		{27A782B4-6683-4849-B951-601289C23F73}.Debug|Any CPU.Build.0 = Debug|Any CPU
		{27A782B4-6683-4849-B951-601289C23F73}.Debug|ARM.ActiveCfg = Debug|Any CPU
		{27A782B4-6683-4849-B951-601289C23F73}.Debug|x64.ActiveCfg = Debug|Any CPU
		{27A782B4-6683-4849-B951-601289C23F73}.Debug|x86.ActiveCfg = Debug|Any CPU
		{27A782B4-6683-4849-B951-601289C23F73}.Release|Any CPU.ActiveCfg = Release|Any CPU
		{27A782B4-6683-4849-B951-601289C23F73}.Release|Any CPU.Build.0 = Release|Any CPU
		{27A782B4-6683-4849-B951-601289C23F73}.Release|ARM.ActiveCfg = Release|Any CPU
		{27A782B4-6683-4849-B951-601289C23F73}.Release|x64.ActiveCfg = Release|Any CPU
		{27A782B4-6683-4849-B951-601289C23F73}.Release|x86.ActiveCfg = Release|Any CPU
		{3B479AED-CC1C-46F7-AF55-8BF9E8BA1C01}.Debug|Any CPU.ActiveCfg = Debug|Any CPU
		{3B479AED-CC1C-46F7-AF55-8BF9E8BA1C01}.Debug|Any CPU.Build.0 = Debug|Any CPU
		{3B479AED-CC1C-46F7-AF55-8BF9E8BA1C01}.Debug|ARM.ActiveCfg = Debug|Any CPU
		{3B479AED-CC1C-46F7-AF55-8BF9E8BA1C01}.Debug|ARM.Build.0 = Debug|Any CPU
		{3B479AED-CC1C-46F7-AF55-8BF9E8BA1C01}.Debug|x64.ActiveCfg = Debug|Any CPU
		{3B479AED-CC1C-46F7-AF55-8BF9E8BA1C01}.Debug|x64.Build.0 = Debug|Any CPU
		{3B479AED-CC1C-46F7-AF55-8BF9E8BA1C01}.Debug|x86.ActiveCfg = Debug|Any CPU
		{3B479AED-CC1C-46F7-AF55-8BF9E8BA1C01}.Debug|x86.Build.0 = Debug|Any CPU
		{3B479AED-CC1C-46F7-AF55-8BF9E8BA1C01}.Release|Any CPU.ActiveCfg = Release|Any CPU
		{3B479AED-CC1C-46F7-AF55-8BF9E8BA1C01}.Release|Any CPU.Build.0 = Release|Any CPU
		{3B479AED-CC1C-46F7-AF55-8BF9E8BA1C01}.Release|ARM.ActiveCfg = Release|Any CPU
		{3B479AED-CC1C-46F7-AF55-8BF9E8BA1C01}.Release|ARM.Build.0 = Release|Any CPU
		{3B479AED-CC1C-46F7-AF55-8BF9E8BA1C01}.Release|x64.ActiveCfg = Release|Any CPU
		{3B479AED-CC1C-46F7-AF55-8BF9E8BA1C01}.Release|x64.Build.0 = Release|Any CPU
		{3B479AED-CC1C-46F7-AF55-8BF9E8BA1C01}.Release|x86.ActiveCfg = Release|Any CPU
		{3B479AED-CC1C-46F7-AF55-8BF9E8BA1C01}.Release|x86.Build.0 = Release|Any CPU
	EndGlobalSection
	GlobalSection(SolutionProperties) = preSolution
		HideSolutionNode = FALSE
	EndGlobalSection
	GlobalSection(NestedProjects) = preSolution
		{28668411-C26F-434F-88B1-B7E5F8D39C61} = {70760DD8-A408-4274-AAFE-0E06BC98DEDB}
		{5568B9DA-132A-4031-9457-01C003FA5CB4} = {70760DD8-A408-4274-AAFE-0E06BC98DEDB}
		{A49660EE-789F-4EFF-A946-10532D3EA7E6} = {70760DD8-A408-4274-AAFE-0E06BC98DEDB}
		{13DFCDB2-D6D5-40FF-B8F2-2AE7970E3B66} = {70760DD8-A408-4274-AAFE-0E06BC98DEDB}
		{220CC1AA-AEEC-4DF7-94E6-9BBF23486812} = {70760DD8-A408-4274-AAFE-0E06BC98DEDB}
		{31F6B895-4FF7-481B-B483-E0E6B63CC312} = {1E53EE83-AD17-4F75-A77D-B0A12961A232}
		{F878EC6F-6C59-4860-A2D1-0CD2C97760A7} = {1E53EE83-AD17-4F75-A77D-B0A12961A232}
		{9D3F208D-8BB4-47A9-8323-4CFD24314341} = {1E53EE83-AD17-4F75-A77D-B0A12961A232}
		{793B3B5B-060E-47FD-8928-8EDF8AD0D6EC} = {1E53EE83-AD17-4F75-A77D-B0A12961A232}
		{AAC0913D-649A-49DD-834B-EF23D092D72B} = {1E53EE83-AD17-4F75-A77D-B0A12961A232}
		{EEBB53F3-EBDF-4DD0-82E5-FF9A2C8DBD72} = {1E53EE83-AD17-4F75-A77D-B0A12961A232}
		{8F4C2E94-B8C5-477B-A315-CA58C70617E4} = {1E53EE83-AD17-4F75-A77D-B0A12961A232}
		{D6BDB17D-1B42-49DA-BADB-B09D7DB4B4EA} = {1E53EE83-AD17-4F75-A77D-B0A12961A232}
		{D813C9D8-D6D1-4D2B-AF04-0D877656F47E} = {1E53EE83-AD17-4F75-A77D-B0A12961A232}
		{32922221-A523-4673-9C77-DE6B01C91F3D} = {70760DD8-A408-4274-AAFE-0E06BC98DEDB}
		{27A782B4-6683-4849-B951-601289C23F73} = {1E53EE83-AD17-4F75-A77D-B0A12961A232}
		{3B479AED-CC1C-46F7-AF55-8BF9E8BA1C01} = {1E53EE83-AD17-4F75-A77D-B0A12961A232}
	EndGlobalSection
EndGlobal
